Microsoft Visual Studio Solution File, Format Version 11.00
# Visual Studio 2010
Project("{FAE04EC0-301F-11D3-BF4B-00C04F79EFBC}") = "XPO_Bound_Multiresource", "XPO_Bound_Multiresource.csproj", "{6BB083F9-E20C-4EB8-9649-4DFD8E99EDDA}"
EndProject
Global
	GlobalSection(SolutionConfigurationPlatforms) = preSolution
		Debug|Any CPU = Debug|Any CPU
		Release|Any CPU = Release|Any CPU
	EndGlobalSection
	GlobalSection(ProjectConfigurationPlatforms) = postSolution
		{6BB083F9-E20C-4EB8-9649-4DFD8E99EDDA}.Debug|Any CPU.ActiveCfg = Debug|Any CPU
		{6BB083F9-E20C-4EB8-9649-4DFD8E99EDDA}.Debug|Any CPU.Build.0 = Debug|Any CPU
		{6BB083F9-E20C-4EB8-9649-4DFD8E99EDDA}.Release|Any CPU.ActiveCfg = Release|Any CPU
		{6BB083F9-E20C-4EB8-9649-4DFD8E99EDDA}.Release|Any CPU.Build.0 = Release|Any CPU
	EndGlobalSection
	GlobalSection(SolutionProperties) = preSolution
		HideSolutionNode = FALSE
	EndGlobalSection
EndGlobal
